
Microsoft Visual Studio Solution File, Format Version 12.00
# Visual Studio Version 17
VisualStudioVersion = 17.12.35707.178 d17.12
MinimumVisualStudioVersion = 10.0.40219.1
Project("{FAE04EC0-301F-11D3-BF4B-00C04F79EFBC}") = "Exercice_01", "Exercice_01\Exercice_01.csproj", "{989FE45C-F187-4D96-9DC7-46E34011367D}"
EndProject
Project("{FAE04EC0-301F-11D3-BF4B-00C04F79EFBC}") = "Exercice_02", "Exercice_02\Exercice_02.csproj", "{9160D2E5-E218-4F24-AC3C-C438FA20381E}"
EndProject
Global
	GlobalSection(SolutionConfigurationPlatforms) = preSolution
		Debug|Any CPU = Debug|Any CPU
		Release|Any CPU = Release|Any CPU
	EndGlobalSection
	GlobalSection(ProjectConfigurationPlatforms) = postSolution
		{989FE45C-F187-4D96-9DC7-46E34011367D}.Debug|Any CPU.ActiveCfg = Debug|Any CPU
		{989FE45C-F187-4D96-9DC7-46E34011367D}.Debug|Any CPU.Build.0 = Debug|Any CPU
		{989FE45C-F187-4D96-9DC7-46E34011367D}.Release|Any CPU.ActiveCfg = Release|Any CPU
		{989FE45C-F187-4D96-9DC7-46E34011367D}.Release|Any CPU.Build.0 = Release|Any CPU
		{9160D2E5-E218-4F24-AC3C-C438FA20381E}.Debug|Any CPU.ActiveCfg = Debug|Any CPU
		{9160D2E5-E218-4F24-AC3C-C438FA20381E}.Debug|Any CPU.Build.0 = Debug|Any CPU
		{9160D2E5-E218-4F24-AC3C-C438FA20381E}.Release|Any CPU.ActiveCfg = Release|Any CPU
		{9160D2E5-E218-4F24-AC3C-C438FA20381E}.Release|Any CPU.Build.0 = Release|Any CPU
	EndGlobalSection
	GlobalSection(SolutionProperties) = preSolution
		HideSolutionNode = FALSE
	EndGlobalSection
EndGlobal
